
Microsoft Visual Studio Solution File, Format Version 12.00
# Visual Studio Version 16
VisualStudioVersion = 16.0.30907.101
MinimumVisualStudioVersion = 10.0.40219.1
Project("{9A19103F-16F7-4668-BE54-9A1E7A4F7556}") = "FurnitureAssemblyContracts", "FurnitureAssemblyContracts\FurnitureAssemblyContracts.csproj", "{528D2ADC-DD20-4E88-B5C3-21BCB49DB035}"
EndProject
Project("{9A19103F-16F7-4668-BE54-9A1E7A4F7556}") = "FurnitureAssemblyBusinessLogic", "FurnitureAssemblyBusinessLogic\FurnitureAssemblyBusinessLogic.csproj", "{172AC617-0728-4BBA-8B3A-D252FD0FEEDC}"
EndProject
Project("{9A19103F-16F7-4668-BE54-9A1E7A4F7556}") = "FurnitureAssemblyListImplement", "FurnitureAssemblyListImplement\FurnitureAssemblyListImplement.csproj", "{F624ABD3-4CE3-46D6-9B49-6061A18F2B61}"
EndProject
Project("{9A19103F-16F7-4668-BE54-9A1E7A4F7556}") = "FurnitureAssemblyView", "FurnitureAssemblyView\FurnitureAssemblyView.csproj", "{BCB2E66F-EE52-4286-A5BA-98F004D0DAC3}"
EndProject
Project("{9A19103F-16F7-4668-BE54-9A1E7A4F7556}") = "FurnitureAssemblyFileImplement", "FurnitureAssemblyFileImplement\FurnitureAssemblyFileImplement.csproj", "{56513CFE-A941-4B24-83F3-5E442BA09263}"
EndProject
Project("{9A19103F-16F7-4668-BE54-9A1E7A4F7556}") = "FurnitureAssemblyDatabaseImplement", "FurnitureAssemblyDatabaseImplement\FurnitureAssemblyDatabaseImplement.csproj", "{5027583B-0AB9-4FFF-9B56-6FBAA1274181}"
EndProject
Project("{FAE04EC0-301F-11D3-BF4B-00C04F79EFBC}") = "FurnitureAssemblyRestApi1", "FurnitureAssemblyRestApi1\FurnitureAssemblyRestApi1.csproj", "{DFB6114B-1AF7-4F73-882D-131FE8F76B34}"
EndProject
Project("{FAE04EC0-301F-11D3-BF4B-00C04F79EFBC}") = "FurnitureAssemblyClientApp", "FurnitureAssemblyClientApp\FurnitureAssemblyClientApp.csproj", "{4EEF96F6-4F60-4FD8-9C89-50947C28ADAE}"
EndProject
Global
	GlobalSection(SolutionConfigurationPlatforms) = preSolution
		Debug|Any CPU = Debug|Any CPU
		Release|Any CPU = Release|Any CPU
	EndGlobalSection
	GlobalSection(ProjectConfigurationPlatforms) = postSolution
		{528D2ADC-DD20-4E88-B5C3-21BCB49DB035}.Debug|Any CPU.ActiveCfg = Debug|Any CPU
		{528D2ADC-DD20-4E88-B5C3-21BCB49DB035}.Debug|Any CPU.Build.0 = Debug|Any CPU
		{528D2ADC-DD20-4E88-B5C3-21BCB49DB035}.Release|Any CPU.ActiveCfg = Release|Any CPU
		{528D2ADC-DD20-4E88-B5C3-21BCB49DB035}.Release|Any CPU.Build.0 = Release|Any CPU
		{172AC617-0728-4BBA-8B3A-D252FD0FEEDC}.Debug|Any CPU.ActiveCfg = Debug|Any CPU
		{172AC617-0728-4BBA-8B3A-D252FD0FEEDC}.Debug|Any CPU.Build.0 = Debug|Any CPU
		{172AC617-0728-4BBA-8B3A-D252FD0FEEDC}.Release|Any CPU.ActiveCfg = Release|Any CPU
		{172AC617-0728-4BBA-8B3A-D252FD0FEEDC}.Release|Any CPU.Build.0 = Release|Any CPU
		{F624ABD3-4CE3-46D6-9B49-6061A18F2B61}.Debug|Any CPU.ActiveCfg = Debug|Any CPU
		{F624ABD3-4CE3-46D6-9B49-6061A18F2B61}.Debug|Any CPU.Build.0 = Debug|Any CPU
		{F624ABD3-4CE3-46D6-9B49-6061A18F2B61}.Release|Any CPU.ActiveCfg = Release|Any CPU
		{F624ABD3-4CE3-46D6-9B49-6061A18F2B61}.Release|Any CPU.Build.0 = Release|Any CPU
		{BCB2E66F-EE52-4286-A5BA-98F004D0DAC3}.Debug|Any CPU.ActiveCfg = Debug|Any CPU
		{BCB2E66F-EE52-4286-A5BA-98F004D0DAC3}.Debug|Any CPU.Build.0 = Debug|Any CPU
		{BCB2E66F-EE52-4286-A5BA-98F004D0DAC3}.Release|Any CPU.ActiveCfg = Release|Any CPU
		{BCB2E66F-EE52-4286-A5BA-98F004D0DAC3}.Release|Any CPU.Build.0 = Release|Any CPU
		{56513CFE-A941-4B24-83F3-5E442BA09263}.Debug|Any CPU.ActiveCfg = Debug|Any CPU
		{56513CFE-A941-4B24-83F3-5E442BA09263}.Debug|Any CPU.Build.0 = Debug|Any CPU
		{56513CFE-A941-4B24-83F3-5E442BA09263}.Release|Any CPU.ActiveCfg = Release|Any CPU
		{56513CFE-A941-4B24-83F3-5E442BA09263}.Release|Any CPU.Build.0 = Release|Any CPU
		{5027583B-0AB9-4FFF-9B56-6FBAA1274181}.Debug|Any CPU.ActiveCfg = Debug|Any CPU
		{5027583B-0AB9-4FFF-9B56-6FBAA1274181}.Debug|Any CPU.Build.0 = Debug|Any CPU
		{5027583B-0AB9-4FFF-9B56-6FBAA1274181}.Release|Any CPU.ActiveCfg = Release|Any CPU
		{5027583B-0AB9-4FFF-9B56-6FBAA1274181}.Release|Any CPU.Build.0 = Release|Any CPU
		{DFB6114B-1AF7-4F73-882D-131FE8F76B34}.Debug|Any CPU.ActiveCfg = Debug|Any CPU
		{DFB6114B-1AF7-4F73-882D-131FE8F76B34}.Debug|Any CPU.Build.0 = Debug|Any CPU
		{DFB6114B-1AF7-4F73-882D-131FE8F76B34}.Release|Any CPU.ActiveCfg = Release|Any CPU
		{DFB6114B-1AF7-4F73-882D-131FE8F76B34}.Release|Any CPU.Build.0 = Release|Any CPU
		{4EEF96F6-4F60-4FD8-9C89-50947C28ADAE}.Debug|Any CPU.ActiveCfg = Debug|Any CPU
		{4EEF96F6-4F60-4FD8-9C89-50947C28ADAE}.Debug|Any CPU.Build.0 = Debug|Any CPU
		{4EEF96F6-4F60-4FD8-9C89-50947C28ADAE}.Release|Any CPU.ActiveCfg = Release|Any CPU
		{4EEF96F6-4F60-4FD8-9C89-50947C28ADAE}.Release|Any CPU.Build.0 = Release|Any CPU
	EndGlobalSection
	GlobalSection(SolutionProperties) = preSolution
		HideSolutionNode = FALSE
	EndGlobalSection
	GlobalSection(ExtensibilityGlobals) = postSolution
		SolutionGuid = {85DD9C49-9551-489C-9125-80D72910B25E}
	EndGlobalSection
EndGlobal
